
Microsoft Visual Studio Solution File, Format Version 12.00
# Visual Studio Version 17
VisualStudioVersion = 17.4.33122.133
MinimumVisualStudioVersion = 10.0.40219.1
Project("{FAE04EC0-301F-11D3-BF4B-00C04F79EFBC}") = "CanddateClass", "CanddateClass\CanddateClass.csproj", "{4C77E693-13A1-4C04-ABD8-1EEC915037B8}"
EndProject
Global
	GlobalSection(SolutionConfigurationPlatforms) = preSolution
		Debug|Any CPU = Debug|Any CPU
		Release|Any CPU = Release|Any CPU
	EndGlobalSection
	GlobalSection(ProjectConfigurationPlatforms) = postSolution
		{4C77E693-13A1-4C04-ABD8-1EEC915037B8}.Debug|Any CPU.ActiveCfg = Debug|Any CPU
		{4C77E693-13A1-4C04-ABD8-1EEC915037B8}.Debug|Any CPU.Build.0 = Debug|Any CPU
		{4C77E693-13A1-4C04-ABD8-1EEC915037B8}.Release|Any CPU.ActiveCfg = Release|Any CPU
		{4C77E693-13A1-4C04-ABD8-1EEC915037B8}.Release|Any CPU.Build.0 = Release|Any CPU
	EndGlobalSection
	GlobalSection(SolutionProperties) = preSolution
		HideSolutionNode = FALSE
	EndGlobalSection
	GlobalSection(ExtensibilityGlobals) = postSolution
		SolutionGuid = {8415D85A-C5CE-48BD-9950-B792AD66AB10}
	EndGlobalSection
EndGlobal
